
Microsoft Visual Studio Solution File, Format Version 12.00
# Visual Studio Version 16
VisualStudioVersion = 16.0.30114.105
MinimumVisualStudioVersion = 10.0.40219.1
Project("{FAE04EC0-301F-11D3-BF4B-00C04F79EFBC}") = "WebApi", "WebApi\WebApi.csproj", "{FA3521E9-980A-4C13-981C-5F1CA15FF1AF}"
EndProject
Project("{FAE04EC0-301F-11D3-BF4B-00C04F79EFBC}") = "Negocio", "Negocio\Negocio.csproj", "{90E34AC6-A123-4232-8B9C-731DD665DF25}"
EndProject
Project("{FAE04EC0-301F-11D3-BF4B-00C04F79EFBC}") = "Datos", "Datos\Datos.csproj", "{FE93D2BC-D2A2-44FE-81A1-578C263AF0B8}"
EndProject
Global
	GlobalSection(SolutionConfigurationPlatforms) = preSolution
		Debug|Any CPU = Debug|Any CPU
		Release|Any CPU = Release|Any CPU
	EndGlobalSection
	GlobalSection(ProjectConfigurationPlatforms) = postSolution
		{FA3521E9-980A-4C13-981C-5F1CA15FF1AF}.Debug|Any CPU.ActiveCfg = Debug|Any CPU
		{FA3521E9-980A-4C13-981C-5F1CA15FF1AF}.Debug|Any CPU.Build.0 = Debug|Any CPU
		{FA3521E9-980A-4C13-981C-5F1CA15FF1AF}.Release|Any CPU.ActiveCfg = Release|Any CPU
		{FA3521E9-980A-4C13-981C-5F1CA15FF1AF}.Release|Any CPU.Build.0 = Release|Any CPU
		{90E34AC6-A123-4232-8B9C-731DD665DF25}.Debug|Any CPU.ActiveCfg = Debug|Any CPU
		{90E34AC6-A123-4232-8B9C-731DD665DF25}.Debug|Any CPU.Build.0 = Debug|Any CPU
		{90E34AC6-A123-4232-8B9C-731DD665DF25}.Release|Any CPU.ActiveCfg = Release|Any CPU
		{90E34AC6-A123-4232-8B9C-731DD665DF25}.Release|Any CPU.Build.0 = Release|Any CPU
		{FE93D2BC-D2A2-44FE-81A1-578C263AF0B8}.Debug|Any CPU.ActiveCfg = Debug|Any CPU
		{FE93D2BC-D2A2-44FE-81A1-578C263AF0B8}.Debug|Any CPU.Build.0 = Debug|Any CPU
		{FE93D2BC-D2A2-44FE-81A1-578C263AF0B8}.Release|Any CPU.ActiveCfg = Release|Any CPU
		{FE93D2BC-D2A2-44FE-81A1-578C263AF0B8}.Release|Any CPU.Build.0 = Release|Any CPU
	EndGlobalSection
	GlobalSection(SolutionProperties) = preSolution
		HideSolutionNode = FALSE
	EndGlobalSection
	GlobalSection(ExtensibilityGlobals) = postSolution
		SolutionGuid = {E7A06394-6492-43EE-99B6-433EDF50BD88}
	EndGlobalSection
EndGlobal
